
Microsoft Visual Studio Solution File, Format Version 12.00
# Visual Studio 15
VisualStudioVersion = 15.0.28307.168
MinimumVisualStudioVersion = 10.0.40219.1
Project("{FAE04EC0-301F-11D3-BF4B-00C04F79EFBC}") = "WebApi2", "WebApi2\WebApi2.csproj", "{CC3F92FE-19A9-425D-86FD-A78690AA2B6C}"
EndProject
Project("{FAE04EC0-301F-11D3-BF4B-00C04F79EFBC}") = "WebApi2_DAL", "WebApi2_DAL\WebApi2_DAL.csproj", "{D2D8F69B-EFA6-4B79-90D8-165EF093D52F}"
EndProject
Global
	GlobalSection(SolutionConfigurationPlatforms) = preSolution
		Debug|Any CPU = Debug|Any CPU
		Release|Any CPU = Release|Any CPU
	EndGlobalSection
	GlobalSection(ProjectConfigurationPlatforms) = postSolution
		{CC3F92FE-19A9-425D-86FD-A78690AA2B6C}.Debug|Any CPU.ActiveCfg = Debug|Any CPU
		{CC3F92FE-19A9-425D-86FD-A78690AA2B6C}.Debug|Any CPU.Build.0 = Debug|Any CPU
		{CC3F92FE-19A9-425D-86FD-A78690AA2B6C}.Release|Any CPU.ActiveCfg = Release|Any CPU
		{CC3F92FE-19A9-425D-86FD-A78690AA2B6C}.Release|Any CPU.Build.0 = Release|Any CPU
		{D2D8F69B-EFA6-4B79-90D8-165EF093D52F}.Debug|Any CPU.ActiveCfg = Debug|Any CPU
		{D2D8F69B-EFA6-4B79-90D8-165EF093D52F}.Debug|Any CPU.Build.0 = Debug|Any CPU
		{D2D8F69B-EFA6-4B79-90D8-165EF093D52F}.Release|Any CPU.ActiveCfg = Release|Any CPU
		{D2D8F69B-EFA6-4B79-90D8-165EF093D52F}.Release|Any CPU.Build.0 = Release|Any CPU
	EndGlobalSection
	GlobalSection(SolutionProperties) = preSolution
		HideSolutionNode = FALSE
	EndGlobalSection
	GlobalSection(ExtensibilityGlobals) = postSolution
		SolutionGuid = {CB2921F0-D0A0-4EF5-9035-E3B5292853C0}
	EndGlobalSection
EndGlobal
